// !$*UTF8*$!
{
	archiveVersion = 1;
	classes = {
	};
	objectVersion = 46;
	objects = {

/* Begin PBXBuildFile section */
		92971F7D1C4F8761002DB7C6 /* AppDelegate.swift in Sources */ = {isa = PBXBuildFile; fileRef = 92971F7C1C4F8761002DB7C6 /* AppDelegate.swift */; };
		92971F7F1C4F8761002DB7C6 /* ViewController.swift in Sources */ = {isa = PBXBuildFile; fileRef = 92971F7E1C4F8761002DB7C6 /* ViewController.swift */; };
		92971F821C4F8761002DB7C6 /* Main.storyboard in Resources */ = {isa = PBXBuildFile; fileRef = 92971F801C4F8761002DB7C6 /* Main.storyboard */; };
		92971F841C4F8761002DB7C6 /* Assets.xcassets in Resources */ = {isa = PBXBuildFile; fileRef = 92971F831C4F8761002DB7C6 /* Assets.xcassets */; };
		92971F871C4F8761002DB7C6 /* LaunchScreen.storyboard in Resources */ = {isa = PBXBuildFile; fileRef = 92971F851C4F8761002DB7C6 /* LaunchScreen.storyboard */; };
/* End PBXBuildFile section */

/* Begin PBXFileReference section */
		92971F791C4F8761002DB7C6 /* MitchMatch.app */ = {isa = PBXFileReference; explicitFileType = wrapper.application; includeInIndex = 0; path = MitchMatch.app; sourceTree = BUILT_PRODUCTS_DIR; };
		92971F7C1C4F8761002DB7C6 /* AppDelegate.swift */ = {isa = PBXFileReference; lastKnownFileType = sourcecode.swift; path = AppDelegate.swift; sourceTree = "<group>"; };
		92971F7E1C4F8761002DB7C6 /* ViewController.swift */ = {isa = PBXFileReference; lastKnownFileType = sourcecode.swift; path = ViewController.swift; sourceTree = "<group>"; };
		92971F811C4F8761002DB7C6 /* Base */ = {isa = PBXFileReference; lastKnownFileType = file.storyboard; name = Base; path = Base.lproj/Main.storyboard; sourceTree = "<group>"; };
		92971F831C4F8761002DB7C6 /* Assets.xcassets */ = {isa = PBXFileReference; lastKnownFileType = folder.assetcatalog; path = Assets.xcassets; sourceTree = "<group>"; };
		92971F861C4F8761002DB7C6 /* Base */ = {isa = PBXFileReference; lastKnownFileType = file.storyboard; name = Base; path = Base.lproj/LaunchScreen.storyboard; sourceTree = "<group>"; };
		92971F881C4F8761002DB7C6 /* Info.plist */ = {isa = PBXFileReference; lastKnownFileType = text.plist.xml; path = Info.plist; sourceTree = "<group>"; };
/* End PBXFileReference section */

/* Begin PBXFrameworksBuildPhase section */
		92971F761C4F8761002DB7C6 /* Frameworks */ = {
			isa = PBXFrameworksBuildPhase;
			buildActionMask = 2147483647;
			files = (
			);
			runOnlyForDeploymentPostprocessing = 0;
		};
/* End PBXFrameworksBuildPhase section */

/* Begin PBXGroup section */
		92971F701C4F8761002DB7C6 = {
			isa = PBXGroup;
			children = (
				92971F7B1C4F8761002DB7C6 /* MitchMatch */,
				92971F7A1C4F8761002DB7C6 /* Products */,
			);
			sourceTree = "<group>";
		};
		92971F7A1C4F8761002DB7C6 /* Products */ = {
			isa = PBXGroup;
			children = (
				92971F791C4F8761002DB7C6 /* MitchMatch.app */,
			);
			name = Products;
			sourceTree = "<group>";
		};
		92971F7B1C4F8761002DB7C6 /* MitchMatch */ = {
			isa = PBXGroup;
			children = (
				92971F7C1C4F8761002DB7C6 /* AppDelegate.swift */,
				92971F7E1C4F8761002DB7C6 /* ViewController.swift */,
				92971F801C4F8761002DB7C6 /* Main.storyboard */,
				92971F831C4F8761002DB7C6 /* Assets.xcassets */,
				92971F851C4F8761002DB7C6 /* LaunchScreen.storyboard */,
				92971F881C4F8761002DB7C6 /* Info.plist */,
			);
			path = MitchMatch;
			sourceTree = "<group>";
		};
/* End PBXGroup section */

/* Begin PBXNativeTarget section */
		92971F781C4F8761002DB7C6 /* MitchMatch */ = {
			isa = PBXNativeTarget;
			buildConfigurationList = 92971F8B1C4F8761002DB7C6 /* Build configuration list for PBXNativeTarget "MitchMatch" */;
			buildPhases = (
				92971F751C4F8761002DB7C6 /* Sources */,
				92971F761C4F8761002DB7C6 /* Frameworks */,
				92971F771C4F8761002DB7C6 /* Resources */,
			);
			buildRules = (
			);
			dependencies = (
			);
			name = MitchMatch;
			productName = MitchMatch;
			productReference = 92971F791C4F8761002DB7C6 /* MitchMatch.app */;
			productType = "com.apple.product-type.application";
		};
/* End PBXNativeTarget section */

/* Begin PBXProject section */
		92971F711C4F8761002DB7C6 /* Project object */ = {
			isa = PBXProject;
			attributes = {
				LastSwiftUpdateCheck = 0720;
				LastUpgradeCheck = 0720;
				ORGANIZATIONNAME = "Oron Ben Zvi";
				TargetAttributes = {
					92971F781C4F8761002DB7C6 = {
						CreatedOnToolsVersion = 7.2;
					};
				};
			};
			buildConfigurationList = 92971F741C4F8761002DB7C6 /* Build configuration list for PBXProject "MitchMatch" */;
			compatibilityVersion = "Xcode 3.2";
			developmentRegion = English;
			hasScannedForEncodings = 0;
			knownRegions = (
				en,
				Base,
			);
			mainGroup = 92971F701C4F8761002DB7C6;
			productRefGroup = 92971F7A1C4F8761002DB7C6 /* Products */;
			projectDirPath = "";
			projectRoot = "";
			targets = (
				92971F781C4F8761002DB7C6 /* MitchMatch */,
			);
		};
/* End PBXProject section */

/* Begin PBXResourcesBuildPhase section */
		92971F771C4F8761002DB7C6 /* Resources */ = {
			isa = PBXResourcesBuildPhase;
			buildActionMask = 2147483647;
			files = (
				92971F871C4F8761002DB7C6 /* LaunchScreen.storyboard in Resources */,
				92971F841C4F8761002DB7C6 /* Assets.xcassets in Resources */,
				92971F821C4F8761002DB7C6 /* Main.storyboard in Resources */,
			);
			runOnlyForDeploymentPostprocessing = 0;
		};
/* End PBXResourcesBuildPhase section */

/* Begin PBXSourcesBuildPhase section */
		92971F751C4F8761002DB7C6 /* Sources */ = {
			isa = PBXSourcesBuildPhase;
			buildActionMask = 2147483647;
			files = (
				92971F7F1C4F8761002DB7C6 /* ViewController.swift in Sources */,
				92971F7D1C4F8761002DB7C6 /* AppDelegate.swift in Sources */,
			);
			runOnlyForDeploymentPostprocessing = 0;
		};
/* End PBXSourcesBuildPhase section */

/* Begin PBXVariantGroup section */
		92971F801C4F8761002DB7C6 /* Main.storyboard */ = {
			isa = PBXVariantGroup;
			children = (
				92971F811C4F8761002DB7C6 /* Base */,
			);
			name = Main.storyboard;
			sourceTree = "<group>";
		};
		92971F851C4F8761002DB7C6 /* LaunchScreen.storyboard */ = {
			isa = PBXVariantGroup;
			children = (
				92971F861C4F8761002DB7C6 /* Base */,
			);
			name = LaunchScreen.storyboard;
			sourceTree = "<group>";
		};
/* End PBXVariantGroup section */

/* Begin XCBuildConfiguration section */
		92971F891C4F8761002DB7C6 /* Debug */ = {
			isa = XCBuildConfiguration;
			buildSettings = {
				ALWAYS_SEARCH_USER_PATHS = NO;
				CLANG_CXX_LANGUAGE_STANDARD = "gnu++0x";
				CLANG_CXX_LIBRARY = "libc++";
				CLANG_ENABLE_MODULES = YES;
				CLANG_ENABLE_OBJC_ARC = YES;
				CLANG_WARN_BOOL_CONVERSION = YES;
				CLANG_WARN_CONSTANT_CONVERSION = YES;
				CLANG_WARN_DIRECT_OBJC_ISA_USAGE = YES_ERROR;
				CLANG_WARN_EMPTY_BODY = YES;
				CLANG_WARN_ENUM_CONVERSION = YES;
				CLANG_WARN_INT_CONVERSION = YES;
				CLANG_WARN_OBJC_ROOT_CLASS = YES_ERROR;
				CLANG_WARN_UNREACHABLE_CODE = YES;
				CLANG_WARN__DUPLICATE_METHOD_MATCH = YES;
				"CODE_SIGN_IDENTITY[sdk=iphoneos*]" = "iPhone Developer";
				COPY_PHASE_STRIP = NO;
				DEBUG_INFORMATION_FORMAT = dwarf;
				ENABLE_STRICT_OBJC_MSGSEND = YES;
				ENABLE_TESTABILITY = YES;
				GCC_C_LANGUAGE_STANDARD = gnu99;
				GCC_DYNAMIC_NO_PIC = NO;
				GCC_NO_COMMON_BLOCKS = YES;
				GCC_OPTIMIZATION_LEVEL = 0;
				GCC_PREPROCESSOR_DEFINITIONS = (
					"DEBUG=1",
					"$(inherited)",
				);
				GCC_WARN_64_TO_32_BIT_CONVERSION = YES;
				GCC_WARN_ABOUT_RETURN_TYPE = YES_ERROR;
				GCC_WARN_UNDECLARED_SELECTOR = YES;
				GCC_WARN_UNINITIALIZED_AUTOS = YES_AGGRESSIVE;
				GCC_WARN_UNUSED_FUNCTION = YES;
				GCC_WARN_UNUSED_VARIABLE = YES;
				IPHONEOS_DEPLOYMENT_TARGET = 9.2;
				MTL_ENABLE_DEBUG_INFO = YES;
				ONLY_ACTIVE_ARCH = YES;
				SDKROOT = iphoneos;
				SWIFT_OPTIMIZATION_LEVEL = "-Onone";
			};
			name = Debug;
		};
		92971F8A1C4F8761002DB7C6 /* Release */ = {
			isa = XCBuildConfiguration;
			buildSettings = {
				ALWAYS_SEARCH_USER_PATHS = NO;
				CLANG_CXX_LANGUAGE_STANDARD = "gnu++0x";
				CLANG_CXX_LIBRARY = "libc++";
				CLANG_ENABLE_MODULES = YES;
				CLANG_ENABLE_OBJC_ARC = YES;
				CLANG_WARN_BOOL_CONVERSION = YES;
				CLANG_WARN_CONSTANT_CONVERSION = YES;
				CLANG_WARN_DIRECT_OBJC_ISA_USAGE = YES_ERROR;
				CLANG_WARN_EMPTY_BODY = YES;
				CLANG_WARN_ENUM_CONVERSION = YES;
				CLANG_WARN_INT_CONVERSION = YES;
				CLANG_WARN_OBJC_ROOT_CLASS = YES_ERROR;
				CLANG_WARN_UNREACHABLE_CODE = YES;
				CLANG_WARN__DUPLICATE_METHOD_MATCH = YES;
				"CODE_SIGN_IDENTITY[sdk=iphoneos*]" = "iPhone Developer";
				COPY_PHASE_STRIP = NO;
				DEBUG_INFORMATION_FORMAT = "dwarf-with-dsym";
				ENABLE_NS_ASSERTIONS = NO;
				ENABLE_STRICT_OBJC_MSGSEND = YES;
				GCC_C_LANGUAGE_STANDARD = gnu99;
				GCC_NO_COMMON_BLOCKS = YES;
				GCC_WARN_64_TO_32_BIT_CONVERSION = YES;
				GCC_WARN_ABOUT_RETURN_TYPE = YES_ERROR;
				GCC_WARN_UNDECLARED_SELECTOR = YES;
				GCC_WARN_UNINITIALIZED_AUTOS = YES_AGGRESSIVE;
				GCC_WARN_UNUSED_FUNCTION = YES;
				GCC_WARN_UNUSED_VARIABLE = YES;
				IPHONEOS_DEPLOYMENT_TARGET = 9.2;
				MTL_ENABLE_DEBUG_INFO = NO;
				SDKROOT = iphoneos;
				VALIDATE_PRODUCT = YES;
			};
			name = Release;
		};
		92971F8C1C4F8761002DB7C6 /* Debug */ = {
			isa = XCBuildConfiguration;
			buildSettings = {
				ASSETCATALOG_COMPILER_APPICON_NAME = AppIcon;
				INFOPLIST_FILE = MitchMatch/Info.plist;
				LD_RUNPATH_SEARCH_PATHS = "$(inherited) @executable_path/Frameworks";
				PRODUCT_BUNDLE_IDENTIFIER = bz.oron.MitchMatch;
				PRODUCT_NAME = "$(TARGET_NAME)";
			};
			name = Debug;
		};
		92971F8D1C4F8761002DB7C6 /* Release */ = {
			isa = XCBuildConfiguration;
			buildSettings = {
				ASSETCATALOG_COMPILER_APPICON_NAME = AppIcon;
				INFOPLIST_FILE = MitchMatch/Info.plist;
				LD_RUNPATH_SEARCH_PATHS = "$(inherited) @executable_path/Frameworks";
				PRODUCT_BUNDLE_IDENTIFIER = bz.oron.MitchMatch;
				PRODUCT_NAME = "$(TARGET_NAME)";
			};
			name = Release;
		};
/* End XCBuildConfiguration section */

/* Begin XCConfigurationList section */
		92971F741C4F8761002DB7C6 /* Build configuration list for PBXProject "MitchMatch" */ = {
			isa = XCConfigurationList;
			buildConfigurations = (
				92971F891C4F8761002DB7C6 /* Debug */,
				92971F8A1C4F8761002DB7C6 /* Release */,
			);
			defaultConfigurationIsVisible = 0;
			defaultConfigurationName = Release;
		};
		92971F8B1C4F8761002DB7C6 /* Build configuration list for PBXNativeTarget "MitchMatch" */ = {
			isa = XCConfigurationList;
			buildConfigurations = (
				92971F8C1C4F8761002DB7C6 /* Debug */,
				92971F8D1C4F8761002DB7C6 /* Release */,
			);
			defaultConfigurationIsVisible = 0;
		};
/* End XCConfigurationList section */
	};
	rootObject = 92971F711C4F8761002DB7C6 /* Project object */;
}
